
Microsoft Visual Studio Solution File, Format Version 12.00
# Visual Studio Version 16
VisualStudioVersion = 16.0.31410.357
MinimumVisualStudioVersion = 10.0.40219.1
Project("{9A19103F-16F7-4668-BE54-9A1E7A4F7556}") = "chainOfResponsabilityExample", "chainOfResponsabilityExample\chainOfResponsabilityExample.csproj", "{D3ED4619-E4C6-4E18-B71F-E9AE6C38C0C2}"
EndProject
Project("{9A19103F-16F7-4668-BE54-9A1E7A4F7556}") = "TemplateMethod", "TemplateMethod\TemplateMethod.csproj", "{CD35EC5D-5C3E-4103-8AC4-D7A71409EC5A}"
EndProject
Project("{9A19103F-16F7-4668-BE54-9A1E7A4F7556}") = "Decorator", "Decorator\Decorator.csproj", "{56BADD54-4741-4B87-92D9-D0BF0D225BE2}"
EndProject
Project("{FAE04EC0-301F-11D3-BF4B-00C04F79EFBC}") = "State", "State\State.csproj", "{2FCE16B3-1A0F-42D6-B83B-7B00A9DDDD2B}"
EndProject
Global
	GlobalSection(SolutionConfigurationPlatforms) = preSolution
		Debug|Any CPU = Debug|Any CPU
		Release|Any CPU = Release|Any CPU
	EndGlobalSection
	GlobalSection(ProjectConfigurationPlatforms) = postSolution
		{D3ED4619-E4C6-4E18-B71F-E9AE6C38C0C2}.Debug|Any CPU.ActiveCfg = Debug|Any CPU
		{D3ED4619-E4C6-4E18-B71F-E9AE6C38C0C2}.Debug|Any CPU.Build.0 = Debug|Any CPU
		{D3ED4619-E4C6-4E18-B71F-E9AE6C38C0C2}.Release|Any CPU.ActiveCfg = Release|Any CPU
		{D3ED4619-E4C6-4E18-B71F-E9AE6C38C0C2}.Release|Any CPU.Build.0 = Release|Any CPU
		{CD35EC5D-5C3E-4103-8AC4-D7A71409EC5A}.Debug|Any CPU.ActiveCfg = Debug|Any CPU
		{CD35EC5D-5C3E-4103-8AC4-D7A71409EC5A}.Debug|Any CPU.Build.0 = Debug|Any CPU
		{CD35EC5D-5C3E-4103-8AC4-D7A71409EC5A}.Release|Any CPU.ActiveCfg = Release|Any CPU
		{CD35EC5D-5C3E-4103-8AC4-D7A71409EC5A}.Release|Any CPU.Build.0 = Release|Any CPU
		{56BADD54-4741-4B87-92D9-D0BF0D225BE2}.Debug|Any CPU.ActiveCfg = Debug|Any CPU
		{56BADD54-4741-4B87-92D9-D0BF0D225BE2}.Debug|Any CPU.Build.0 = Debug|Any CPU
		{56BADD54-4741-4B87-92D9-D0BF0D225BE2}.Release|Any CPU.ActiveCfg = Release|Any CPU
		{56BADD54-4741-4B87-92D9-D0BF0D225BE2}.Release|Any CPU.Build.0 = Release|Any CPU
		{2FCE16B3-1A0F-42D6-B83B-7B00A9DDDD2B}.Debug|Any CPU.ActiveCfg = Debug|Any CPU
		{2FCE16B3-1A0F-42D6-B83B-7B00A9DDDD2B}.Debug|Any CPU.Build.0 = Debug|Any CPU
		{2FCE16B3-1A0F-42D6-B83B-7B00A9DDDD2B}.Release|Any CPU.ActiveCfg = Release|Any CPU
		{2FCE16B3-1A0F-42D6-B83B-7B00A9DDDD2B}.Release|Any CPU.Build.0 = Release|Any CPU
	EndGlobalSection
	GlobalSection(SolutionProperties) = preSolution
		HideSolutionNode = FALSE
	EndGlobalSection
	GlobalSection(ExtensibilityGlobals) = postSolution
		SolutionGuid = {3E7AE479-7DF7-4EAC-A375-D9818B4C0ACC}
	EndGlobalSection
EndGlobal
